// !$*UTF8*$!
{
	archiveVersion = 1;
	classes = {
	};
	objectVersion = 46;
	objects = {

/* Begin PBXBuildFile section */
		2945C6851B147DA2003AC7B0 /* AVRegression.h in CopyFiles */ = {isa = PBXBuildFile; fileRef = 2945C6841B147DA2003AC7B0 /* AVRegression.h */; };
		2945C6871B147DA2003AC7B0 /* AVRegression.m in Sources */ = {isa = PBXBuildFile; fileRef = 2945C6861B147DA2003AC7B0 /* AVRegression.m */; };
		2945C68D1B147DA2003AC7B0 /* libAVRegression.a in Frameworks */ = {isa = PBXBuildFile; fileRef = 2945C6811B147DA2003AC7B0 /* libAVRegression.a */; };
/* End PBXBuildFile section */

/* Begin PBXContainerItemProxy section */
		2945C68E1B147DA2003AC7B0 /* PBXContainerItemProxy */ = {
			isa = PBXContainerItemProxy;
			containerPortal = 2945C6791B147DA2003AC7B0 /* Project object */;
			proxyType = 1;
			remoteGlobalIDString = 2945C6801B147DA2003AC7B0;
			remoteInfo = AVRegression;
		};
/* End PBXContainerItemProxy section */

/* Begin PBXCopyFilesBuildPhase section */
		2945C67F1B147DA2003AC7B0 /* CopyFiles */ = {
			isa = PBXCopyFilesBuildPhase;
			buildActionMask = 2147483647;
			dstPath = "include/$(PRODUCT_NAME)";
			dstSubfolderSpec = 16;
			files = (
				2945C6851B147DA2003AC7B0 /* AVRegression.h in CopyFiles */,
			);
			runOnlyForDeploymentPostprocessing = 0;
		};
/* End PBXCopyFilesBuildPhase section */

/* Begin PBXFileReference section */
		2945C6811B147DA2003AC7B0 /* libAVRegression.a */ = {isa = PBXFileReference; explicitFileType = archive.ar; includeInIndex = 0; path = libAVRegression.a; sourceTree = BUILT_PRODUCTS_DIR; };
		2945C6841B147DA2003AC7B0 /* AVRegression.h */ = {isa = PBXFileReference; lastKnownFileType = sourcecode.c.h; path = AVRegression.h; sourceTree = "<group>"; };
		2945C6861B147DA2003AC7B0 /* AVRegression.m */ = {isa = PBXFileReference; lastKnownFileType = sourcecode.c.objc; path = AVRegression.m; sourceTree = "<group>"; };
		2945C68C1B147DA2003AC7B0 /* AVRegressionTests.xctest */ = {isa = PBXFileReference; explicitFileType = wrapper.cfbundle; includeInIndex = 0; path = AVRegressionTests.xctest; sourceTree = BUILT_PRODUCTS_DIR; };
		2945C6921B147DA2003AC7B0 /* Info.plist */ = {isa = PBXFileReference; lastKnownFileType = text.plist.xml; path = Info.plist; sourceTree = "<group>"; };
/* End PBXFileReference section */

/* Begin PBXFrameworksBuildPhase section */
		2945C67E1B147DA2003AC7B0 /* Frameworks */ = {
			isa = PBXFrameworksBuildPhase;
			buildActionMask = 2147483647;
			files = (
			);
			runOnlyForDeploymentPostprocessing = 0;
		};
		2945C6891B147DA2003AC7B0 /* Frameworks */ = {
			isa = PBXFrameworksBuildPhase;
			buildActionMask = 2147483647;
			files = (
				2945C68D1B147DA2003AC7B0 /* libAVRegression.a in Frameworks */,
			);
			runOnlyForDeploymentPostprocessing = 0;
		};
/* End PBXFrameworksBuildPhase section */

/* Begin PBXGroup section */
		2945C6781B147DA2003AC7B0 = {
			isa = PBXGroup;
			children = (
				2945C6831B147DA2003AC7B0 /* AVRegression */,
				2945C6901B147DA2003AC7B0 /* AVRegressionTests */,
				2945C6821B147DA2003AC7B0 /* Products */,
			);
			sourceTree = "<group>";
		};
		2945C6821B147DA2003AC7B0 /* Products */ = {
			isa = PBXGroup;
			children = (
				2945C6811B147DA2003AC7B0 /* libAVRegression.a */,
				2945C68C1B147DA2003AC7B0 /* AVRegressionTests.xctest */,
			);
			name = Products;
			sourceTree = "<group>";
		};
		2945C6831B147DA2003AC7B0 /* AVRegression */ = {
			isa = PBXGroup;
			children = (
				2945C6841B147DA2003AC7B0 /* AVRegression.h */,
				2945C6861B147DA2003AC7B0 /* AVRegression.m */,
			);
			path = AVRegression;
			sourceTree = "<group>";
		};
		2945C6901B147DA2003AC7B0 /* AVRegressionTests */ = {
			isa = PBXGroup;
			children = (
				2945C6911B147DA2003AC7B0 /* Supporting Files */,
			);
			path = AVRegressionTests;
			sourceTree = "<group>";
		};
		2945C6911B147DA2003AC7B0 /* Supporting Files */ = {
			isa = PBXGroup;
			children = (
				2945C6921B147DA2003AC7B0 /* Info.plist */,
			);
			name = "Supporting Files";
			sourceTree = "<group>";
		};
/* End PBXGroup section */

/* Begin PBXNativeTarget section */
		2945C6801B147DA2003AC7B0 /* AVRegression */ = {
			isa = PBXNativeTarget;
			buildConfigurationList = 2945C6951B147DA2003AC7B0 /* Build configuration list for PBXNativeTarget "AVRegression" */;
			buildPhases = (
				2945C67D1B147DA2003AC7B0 /* Sources */,
				2945C67E1B147DA2003AC7B0 /* Frameworks */,
				2945C67F1B147DA2003AC7B0 /* CopyFiles */,
			);
			buildRules = (
			);
			dependencies = (
			);
			name = AVRegression;
			productName = AVRegression;
			productReference = 2945C6811B147DA2003AC7B0 /* libAVRegression.a */;
			productType = "com.apple.product-type.library.static";
		};
		2945C68B1B147DA2003AC7B0 /* AVRegressionTests */ = {
			isa = PBXNativeTarget;
			buildConfigurationList = 2945C6981B147DA2003AC7B0 /* Build configuration list for PBXNativeTarget "AVRegressionTests" */;
			buildPhases = (
				2945C6881B147DA2003AC7B0 /* Sources */,
				2945C6891B147DA2003AC7B0 /* Frameworks */,
				2945C68A1B147DA2003AC7B0 /* Resources */,
			);
			buildRules = (
			);
			dependencies = (
				2945C68F1B147DA2003AC7B0 /* PBXTargetDependency */,
			);
			name = AVRegressionTests;
			productName = AVRegressionTests;
			productReference = 2945C68C1B147DA2003AC7B0 /* AVRegressionTests.xctest */;
			productType = "com.apple.product-type.bundle.unit-test";
		};
/* End PBXNativeTarget section */

/* Begin PBXProject section */
		2945C6791B147DA2003AC7B0 /* Project object */ = {
			isa = PBXProject;
			attributes = {
				LastUpgradeCheck = 0610;
				ORGANIZATIONNAME = "Alexey Vlaskin";
				TargetAttributes = {
					2945C6801B147DA2003AC7B0 = {
						CreatedOnToolsVersion = 6.1.1;
					};
					2945C68B1B147DA2003AC7B0 = {
						CreatedOnToolsVersion = 6.1.1;
					};
				};
			};
			buildConfigurationList = 2945C67C1B147DA2003AC7B0 /* Build configuration list for PBXProject "AVRegression" */;
			compatibilityVersion = "Xcode 3.2";
			developmentRegion = English;
			hasScannedForEncodings = 0;
			knownRegions = (
				en,
			);
			mainGroup = 2945C6781B147DA2003AC7B0;
			productRefGroup = 2945C6821B147DA2003AC7B0 /* Products */;
			projectDirPath = "";
			projectRoot = "";
			targets = (
				2945C6801B147DA2003AC7B0 /* AVRegression */,
				2945C68B1B147DA2003AC7B0 /* AVRegressionTests */,
			);
		};
/* End PBXProject section */

/* Begin PBXResourcesBuildPhase section */
		2945C68A1B147DA2003AC7B0 /* Resources */ = {
			isa = PBXResourcesBuildPhase;
			buildActionMask = 2147483647;
			files = (
			);
			runOnlyForDeploymentPostprocessing = 0;
		};
/* End PBXResourcesBuildPhase section */

/* Begin PBXSourcesBuildPhase section */
		2945C67D1B147DA2003AC7B0 /* Sources */ = {
			isa = PBXSourcesBuildPhase;
			buildActionMask = 2147483647;
			files = (
				2945C6871B147DA2003AC7B0 /* AVRegression.m in Sources */,
			);
			runOnlyForDeploymentPostprocessing = 0;
		};
		2945C6881B147DA2003AC7B0 /* Sources */ = {
			isa = PBXSourcesBuildPhase;
			buildActionMask = 2147483647;
			files = (
			);
			runOnlyForDeploymentPostprocessing = 0;
		};
/* End PBXSourcesBuildPhase section */

/* Begin PBXTargetDependency section */
		2945C68F1B147DA2003AC7B0 /* PBXTargetDependency */ = {
			isa = PBXTargetDependency;
			target = 2945C6801B147DA2003AC7B0 /* AVRegression */;
			targetProxy = 2945C68E1B147DA2003AC7B0 /* PBXContainerItemProxy */;
		};
/* End PBXTargetDependency section */

/* Begin XCBuildConfiguration section */
		2945C6931B147DA2003AC7B0 /* Debug */ = {
			isa = XCBuildConfiguration;
			buildSettings = {
				ALWAYS_SEARCH_USER_PATHS = NO;
				CLANG_CXX_LANGUAGE_STANDARD = "gnu++0x";
				CLANG_CXX_LIBRARY = "libc++";
				CLANG_ENABLE_MODULES = YES;
				CLANG_ENABLE_OBJC_ARC = YES;
				CLANG_WARN_BOOL_CONVERSION = YES;
				CLANG_WARN_CONSTANT_CONVERSION = YES;
				CLANG_WARN_DIRECT_OBJC_ISA_USAGE = YES_ERROR;
				CLANG_WARN_EMPTY_BODY = YES;
				CLANG_WARN_ENUM_CONVERSION = YES;
				CLANG_WARN_INT_CONVERSION = YES;
				CLANG_WARN_OBJC_ROOT_CLASS = YES_ERROR;
				CLANG_WARN_UNREACHABLE_CODE = YES;
				CLANG_WARN__DUPLICATE_METHOD_MATCH = YES;
				COPY_PHASE_STRIP = NO;
				ENABLE_STRICT_OBJC_MSGSEND = YES;
				GCC_C_LANGUAGE_STANDARD = gnu99;
				GCC_DYNAMIC_NO_PIC = NO;
				GCC_OPTIMIZATION_LEVEL = 0;
				GCC_PREPROCESSOR_DEFINITIONS = (
					"DEBUG=1",
					"$(inherited)",
				);
				GCC_SYMBOLS_PRIVATE_EXTERN = NO;
				GCC_WARN_64_TO_32_BIT_CONVERSION = YES;
				GCC_WARN_ABOUT_RETURN_TYPE = YES_ERROR;
				GCC_WARN_UNDECLARED_SELECTOR = YES;
				GCC_WARN_UNINITIALIZED_AUTOS = YES_AGGRESSIVE;
				GCC_WARN_UNUSED_FUNCTION = YES;
				GCC_WARN_UNUSED_VARIABLE = YES;
				IPHONEOS_DEPLOYMENT_TARGET = 8.1;
				MTL_ENABLE_DEBUG_INFO = YES;
				ONLY_ACTIVE_ARCH = YES;
				SDKROOT = iphoneos;
			};
			name = Debug;
		};
		2945C6941B147DA2003AC7B0 /* Release */ = {
			isa = XCBuildConfiguration;
			buildSettings = {
				ALWAYS_SEARCH_USER_PATHS = NO;
				CLANG_CXX_LANGUAGE_STANDARD = "gnu++0x";
				CLANG_CXX_LIBRARY = "libc++";
				CLANG_ENABLE_MODULES = YES;
				CLANG_ENABLE_OBJC_ARC = YES;
				CLANG_WARN_BOOL_CONVERSION = YES;
				CLANG_WARN_CONSTANT_CONVERSION = YES;
				CLANG_WARN_DIRECT_OBJC_ISA_USAGE = YES_ERROR;
				CLANG_WARN_EMPTY_BODY = YES;
				CLANG_WARN_ENUM_CONVERSION = YES;
				CLANG_WARN_INT_CONVERSION = YES;
				CLANG_WARN_OBJC_ROOT_CLASS = YES_ERROR;
				CLANG_WARN_UNREACHABLE_CODE = YES;
				CLANG_WARN__DUPLICATE_METHOD_MATCH = YES;
				COPY_PHASE_STRIP = YES;
				ENABLE_NS_ASSERTIONS = NO;
				ENABLE_STRICT_OBJC_MSGSEND = YES;
				GCC_C_LANGUAGE_STANDARD = gnu99;
				GCC_WARN_64_TO_32_BIT_CONVERSION = YES;
				GCC_WARN_ABOUT_RETURN_TYPE = YES_ERROR;
				GCC_WARN_UNDECLARED_SELECTOR = YES;
				GCC_WARN_UNINITIALIZED_AUTOS = YES_AGGRESSIVE;
				GCC_WARN_UNUSED_FUNCTION = YES;
				GCC_WARN_UNUSED_VARIABLE = YES;
				IPHONEOS_DEPLOYMENT_TARGET = 8.1;
				MTL_ENABLE_DEBUG_INFO = NO;
				SDKROOT = iphoneos;
				VALIDATE_PRODUCT = YES;
			};
			name = Release;
		};
		2945C6961B147DA2003AC7B0 /* Debug */ = {
			isa = XCBuildConfiguration;
			buildSettings = {
				OTHER_LDFLAGS = "-ObjC";
				PRODUCT_NAME = "$(TARGET_NAME)";
				SKIP_INSTALL = YES;
			};
			name = Debug;
		};
		2945C6971B147DA2003AC7B0 /* Release */ = {
			isa = XCBuildConfiguration;
			buildSettings = {
				OTHER_LDFLAGS = "-ObjC";
				PRODUCT_NAME = "$(TARGET_NAME)";
				SKIP_INSTALL = YES;
			};
			name = Release;
		};
		2945C6991B147DA2003AC7B0 /* Debug */ = {
			isa = XCBuildConfiguration;
			buildSettings = {
				FRAMEWORK_SEARCH_PATHS = (
					"$(SDKROOT)/Developer/Library/Frameworks",
					"$(inherited)",
				);
				GCC_PREPROCESSOR_DEFINITIONS = (
					"DEBUG=1",
					"$(inherited)",
				);
				INFOPLIST_FILE = AVRegressionTests/Info.plist;
				LD_RUNPATH_SEARCH_PATHS = "$(inherited) @executable_path/Frameworks @loader_path/Frameworks";
				PRODUCT_NAME = "$(TARGET_NAME)";
			};
			name = Debug;
		};
		2945C69A1B147DA2003AC7B0 /* Release */ = {
			isa = XCBuildConfiguration;
			buildSettings = {
				FRAMEWORK_SEARCH_PATHS = (
					"$(SDKROOT)/Developer/Library/Frameworks",
					"$(inherited)",
				);
				INFOPLIST_FILE = AVRegressionTests/Info.plist;
				LD_RUNPATH_SEARCH_PATHS = "$(inherited) @executable_path/Frameworks @loader_path/Frameworks";
				PRODUCT_NAME = "$(TARGET_NAME)";
			};
			name = Release;
		};
/* End XCBuildConfiguration section */

/* Begin XCConfigurationList section */
		2945C67C1B147DA2003AC7B0 /* Build configuration list for PBXProject "AVRegression" */ = {
			isa = XCConfigurationList;
			buildConfigurations = (
				2945C6931B147DA2003AC7B0 /* Debug */,
				2945C6941B147DA2003AC7B0 /* Release */,
			);
			defaultConfigurationIsVisible = 0;
			defaultConfigurationName = Release;
		};
		2945C6951B147DA2003AC7B0 /* Build configuration list for PBXNativeTarget "AVRegression" */ = {
			isa = XCConfigurationList;
			buildConfigurations = (
				2945C6961B147DA2003AC7B0 /* Debug */,
				2945C6971B147DA2003AC7B0 /* Release */,
			);
			defaultConfigurationIsVisible = 0;
		};
		2945C6981B147DA2003AC7B0 /* Build configuration list for PBXNativeTarget "AVRegressionTests" */ = {
			isa = XCConfigurationList;
			buildConfigurations = (
				2945C6991B147DA2003AC7B0 /* Debug */,
				2945C69A1B147DA2003AC7B0 /* Release */,
			);
			defaultConfigurationIsVisible = 0;
		};
/* End XCConfigurationList section */
	};
	rootObject = 2945C6791B147DA2003AC7B0 /* Project object */;
}
